
Microsoft Visual Studio Solution File, Format Version 12.00
# Visual Studio 15
VisualStudioVersion = 15.0.27130.2024
MinimumVisualStudioVersion = 10.0.40219.1
Project("{8BC9CEB8-8B4A-11D0-8D11-00A0C91BC942}") = "flamaster", "flamaster.vcxproj", "{68D5855E-BF37-463C-BED0-59D6B0263777}"
EndProject
Global
	GlobalSection(SolutionConfigurationPlatforms) = preSolution
		Debug|x64 = Debug|x64
		Debug|x86 = Debug|x86
		Release|x64 = Release|x64
		Release|x86 = Release|x86
	EndGlobalSection
	GlobalSection(ProjectConfigurationPlatforms) = postSolution
		{68D5855E-BF37-463C-BED0-59D6B0263777}.Debug|x64.ActiveCfg = Debug|x64
		{68D5855E-BF37-463C-BED0-59D6B0263777}.Debug|x64.Build.0 = Debug|x64
		{68D5855E-BF37-463C-BED0-59D6B0263777}.Debug|x86.ActiveCfg = Debug|Win32
		{68D5855E-BF37-463C-BED0-59D6B0263777}.Debug|x86.Build.0 = Debug|Win32
		{68D5855E-BF37-463C-BED0-59D6B0263777}.Release|x64.ActiveCfg = Release|x64
		{68D5855E-BF37-463C-BED0-59D6B0263777}.Release|x64.Build.0 = Release|x64
		{68D5855E-BF37-463C-BED0-59D6B0263777}.Release|x86.ActiveCfg = Release|Win32
		{68D5855E-BF37-463C-BED0-59D6B0263777}.Release|x86.Build.0 = Release|Win32
	EndGlobalSection
	GlobalSection(SolutionProperties) = preSolution
		HideSolutionNode = FALSE
	EndGlobalSection
	GlobalSection(ExtensibilityGlobals) = postSolution
		SolutionGuid = {23A5CB72-B5E8-4591-91BB-8B7573670742}
	EndGlobalSection
EndGlobal
