
Microsoft Visual Studio Solution File, Format Version 12.00
# Visual Studio 15
VisualStudioVersion = 15.0.27130.2024
MinimumVisualStudioVersion = 10.0.40219.1
Project("{8BC9CEB8-8B4A-11D0-8D11-00A0C91BC942}") = "odwracaniewyrazow", "odwracaniewyrazow.vcxproj", "{883A1F30-F31E-406B-8C4F-B0E863B1377C}"
EndProject
Global
	GlobalSection(SolutionConfigurationPlatforms) = preSolution
		Debug|x64 = Debug|x64
		Debug|x86 = Debug|x86
		Release|x64 = Release|x64
		Release|x86 = Release|x86
	EndGlobalSection
	GlobalSection(ProjectConfigurationPlatforms) = postSolution
		{883A1F30-F31E-406B-8C4F-B0E863B1377C}.Debug|x64.ActiveCfg = Debug|x64
		{883A1F30-F31E-406B-8C4F-B0E863B1377C}.Debug|x64.Build.0 = Debug|x64
		{883A1F30-F31E-406B-8C4F-B0E863B1377C}.Debug|x86.ActiveCfg = Debug|Win32
		{883A1F30-F31E-406B-8C4F-B0E863B1377C}.Debug|x86.Build.0 = Debug|Win32
		{883A1F30-F31E-406B-8C4F-B0E863B1377C}.Release|x64.ActiveCfg = Release|x64
		{883A1F30-F31E-406B-8C4F-B0E863B1377C}.Release|x64.Build.0 = Release|x64
		{883A1F30-F31E-406B-8C4F-B0E863B1377C}.Release|x86.ActiveCfg = Release|Win32
		{883A1F30-F31E-406B-8C4F-B0E863B1377C}.Release|x86.Build.0 = Release|Win32
	EndGlobalSection
	GlobalSection(SolutionProperties) = preSolution
		HideSolutionNode = FALSE
	EndGlobalSection
	GlobalSection(ExtensibilityGlobals) = postSolution
		SolutionGuid = {FC4AD097-8B40-438A-A6E3-C2CE9DBF49E1}
	EndGlobalSection
EndGlobal
