
Microsoft Visual Studio Solution File, Format Version 12.00
# Visual Studio 15
VisualStudioVersion = 15.0.27130.2024
MinimumVisualStudioVersion = 10.0.40219.1
Project("{8BC9CEB8-8B4A-11D0-8D11-00A0C91BC942}") = "Punkty_W_Kole", "Punkty_W_Kole.vcxproj", "{ACCA868C-8A4A-4A31-AFA5-1DE0FE6D7AFF}"
EndProject
Global
	GlobalSection(SolutionConfigurationPlatforms) = preSolution
		Debug|x64 = Debug|x64
		Debug|x86 = Debug|x86
		Release|x64 = Release|x64
		Release|x86 = Release|x86
	EndGlobalSection
	GlobalSection(ProjectConfigurationPlatforms) = postSolution
		{ACCA868C-8A4A-4A31-AFA5-1DE0FE6D7AFF}.Debug|x64.ActiveCfg = Debug|x64
		{ACCA868C-8A4A-4A31-AFA5-1DE0FE6D7AFF}.Debug|x64.Build.0 = Debug|x64
		{ACCA868C-8A4A-4A31-AFA5-1DE0FE6D7AFF}.Debug|x86.ActiveCfg = Debug|Win32
		{ACCA868C-8A4A-4A31-AFA5-1DE0FE6D7AFF}.Debug|x86.Build.0 = Debug|Win32
		{ACCA868C-8A4A-4A31-AFA5-1DE0FE6D7AFF}.Release|x64.ActiveCfg = Release|x64
		{ACCA868C-8A4A-4A31-AFA5-1DE0FE6D7AFF}.Release|x64.Build.0 = Release|x64
		{ACCA868C-8A4A-4A31-AFA5-1DE0FE6D7AFF}.Release|x86.ActiveCfg = Release|Win32
		{ACCA868C-8A4A-4A31-AFA5-1DE0FE6D7AFF}.Release|x86.Build.0 = Release|Win32
	EndGlobalSection
	GlobalSection(SolutionProperties) = preSolution
		HideSolutionNode = FALSE
	EndGlobalSection
	GlobalSection(ExtensibilityGlobals) = postSolution
		SolutionGuid = {03061A09-45B9-45DE-AB0B-04B3868B2A04}
	EndGlobalSection
EndGlobal
