
Microsoft Visual Studio Solution File, Format Version 12.00
# Visual Studio 15
VisualStudioVersion = 15.0.27130.2024
MinimumVisualStudioVersion = 10.0.40219.1
Project("{8BC9CEB8-8B4A-11D0-8D11-00A0C91BC942}") = "niekolejne", "niekolejne.vcxproj", "{35B3C9AC-9BDD-4378-862B-C469E5AD28FA}"
EndProject
Global
	GlobalSection(SolutionConfigurationPlatforms) = preSolution
		Debug|x64 = Debug|x64
		Debug|x86 = Debug|x86
		Release|x64 = Release|x64
		Release|x86 = Release|x86
	EndGlobalSection
	GlobalSection(ProjectConfigurationPlatforms) = postSolution
		{35B3C9AC-9BDD-4378-862B-C469E5AD28FA}.Debug|x64.ActiveCfg = Debug|x64
		{35B3C9AC-9BDD-4378-862B-C469E5AD28FA}.Debug|x64.Build.0 = Debug|x64
		{35B3C9AC-9BDD-4378-862B-C469E5AD28FA}.Debug|x86.ActiveCfg = Debug|Win32
		{35B3C9AC-9BDD-4378-862B-C469E5AD28FA}.Debug|x86.Build.0 = Debug|Win32
		{35B3C9AC-9BDD-4378-862B-C469E5AD28FA}.Release|x64.ActiveCfg = Release|x64
		{35B3C9AC-9BDD-4378-862B-C469E5AD28FA}.Release|x64.Build.0 = Release|x64
		{35B3C9AC-9BDD-4378-862B-C469E5AD28FA}.Release|x86.ActiveCfg = Release|Win32
		{35B3C9AC-9BDD-4378-862B-C469E5AD28FA}.Release|x86.Build.0 = Release|Win32
	EndGlobalSection
	GlobalSection(SolutionProperties) = preSolution
		HideSolutionNode = FALSE
	EndGlobalSection
	GlobalSection(ExtensibilityGlobals) = postSolution
		SolutionGuid = {A8DFF8B4-A6C3-400A-BB50-BD9C6255B38A}
	EndGlobalSection
EndGlobal
