
Microsoft Visual Studio Solution File, Format Version 12.00
# Visual Studio 15
VisualStudioVersion = 15.0.27130.2024
MinimumVisualStudioVersion = 10.0.40219.1
Project("{8BC9CEB8-8B4A-11D0-8D11-00A0C91BC942}") = "SzyfrGronswelda", "SzyfrGronswelda.vcxproj", "{060F855D-5766-47F6-9DEB-7B8F41B7EDA8}"
EndProject
Global
	GlobalSection(SolutionConfigurationPlatforms) = preSolution
		Debug|x64 = Debug|x64
		Debug|x86 = Debug|x86
		Release|x64 = Release|x64
		Release|x86 = Release|x86
	EndGlobalSection
	GlobalSection(ProjectConfigurationPlatforms) = postSolution
		{060F855D-5766-47F6-9DEB-7B8F41B7EDA8}.Debug|x64.ActiveCfg = Debug|x64
		{060F855D-5766-47F6-9DEB-7B8F41B7EDA8}.Debug|x64.Build.0 = Debug|x64
		{060F855D-5766-47F6-9DEB-7B8F41B7EDA8}.Debug|x86.ActiveCfg = Debug|Win32
		{060F855D-5766-47F6-9DEB-7B8F41B7EDA8}.Debug|x86.Build.0 = Debug|Win32
		{060F855D-5766-47F6-9DEB-7B8F41B7EDA8}.Release|x64.ActiveCfg = Release|x64
		{060F855D-5766-47F6-9DEB-7B8F41B7EDA8}.Release|x64.Build.0 = Release|x64
		{060F855D-5766-47F6-9DEB-7B8F41B7EDA8}.Release|x86.ActiveCfg = Release|Win32
		{060F855D-5766-47F6-9DEB-7B8F41B7EDA8}.Release|x86.Build.0 = Release|Win32
	EndGlobalSection
	GlobalSection(SolutionProperties) = preSolution
		HideSolutionNode = FALSE
	EndGlobalSection
	GlobalSection(ExtensibilityGlobals) = postSolution
		SolutionGuid = {1E566EF0-CE25-41EF-A94E-D1C88B259B5B}
	EndGlobalSection
EndGlobal
